
Microsoft Visual Studio Solution File, Format Version 12.00
# Visual Studio 15
VisualStudioVersion = 15.0.26621.2
MinimumVisualStudioVersion = 10.0.40219.1
Project("{FAE04EC0-301F-11D3-BF4B-00C04F79EFBC}") = "XunitOrderer", "XunitOrderer\XunitOrderer.csproj", "{5959702C-5201-4A4E-9DDE-420AA5A37616}"
EndProject
Global
	GlobalSection(SolutionConfigurationPlatforms) = preSolution
		Debug|Any CPU = Debug|Any CPU
		Release|Any CPU = Release|Any CPU
	EndGlobalSection
	GlobalSection(ProjectConfigurationPlatforms) = postSolution
		{5959702C-5201-4A4E-9DDE-420AA5A37616}.Debug|Any CPU.ActiveCfg = Debug|Any CPU
		{5959702C-5201-4A4E-9DDE-420AA5A37616}.Debug|Any CPU.Build.0 = Debug|Any CPU
		{5959702C-5201-4A4E-9DDE-420AA5A37616}.Release|Any CPU.ActiveCfg = Release|Any CPU
		{5959702C-5201-4A4E-9DDE-420AA5A37616}.Release|Any CPU.Build.0 = Release|Any CPU
	EndGlobalSection
	GlobalSection(SolutionProperties) = preSolution
		HideSolutionNode = FALSE
	EndGlobalSection
	GlobalSection(ExtensibilityGlobals) = postSolution
		SolutionGuid = {7957DBFB-7A61-4B62-A319-55343B98E690}
	EndGlobalSection
EndGlobal
